// !$*UTF8*$!
{
	archiveVersion = 1;
	classes = {
	};
	objectVersion = 48;
	objects = {

/* Begin PBXBuildFile section */
		833D666B1F55A2F500AC4E58 /* AppDelegate.swift in Sources */ = {isa = PBXBuildFile; fileRef = 833D666A1F55A2F500AC4E58 /* AppDelegate.swift */; };
		833D66721F55A2F500AC4E58 /* Assets.xcassets in Resources */ = {isa = PBXBuildFile; fileRef = 833D66711F55A2F500AC4E58 /* Assets.xcassets */; };
		833D66751F55A2F500AC4E58 /* LaunchScreen.storyboard in Resources */ = {isa = PBXBuildFile; fileRef = 833D66731F55A2F500AC4E58 /* LaunchScreen.storyboard */; };
		835C838F1F55A37F002008C8 /* VirtualViews+Rendering.swift in Sources */ = {isa = PBXBuildFile; fileRef = 835C838B1F55A37E002008C8 /* VirtualViews+Rendering.swift */; };
		835C83901F55A37F002008C8 /* VirtualViews.swift in Sources */ = {isa = PBXBuildFile; fileRef = 835C838C1F55A37F002008C8 /* VirtualViews.swift */; };
		835C83911F55A37F002008C8 /* Driver.swift in Sources */ = {isa = PBXBuildFile; fileRef = 835C838D1F55A37F002008C8 /* Driver.swift */; };
		835C83921F55A37F002008C8 /* SideEffects.swift in Sources */ = {isa = PBXBuildFile; fileRef = 835C838E1F55A37F002008C8 /* SideEffects.swift */; };
		835C83961F55AB3F002008C8 /* Utilities.swift in Sources */ = {isa = PBXBuildFile; fileRef = 835C83951F55AB3F002008C8 /* Utilities.swift */; };
/* End PBXBuildFile section */

/* Begin PBXFileReference section */
		833D66671F55A2F500AC4E58 /* CurrencyConverter.app */ = {isa = PBXFileReference; explicitFileType = wrapper.application; includeInIndex = 0; path = CurrencyConverter.app; sourceTree = BUILT_PRODUCTS_DIR; };
		833D666A1F55A2F500AC4E58 /* AppDelegate.swift */ = {isa = PBXFileReference; lastKnownFileType = sourcecode.swift; path = AppDelegate.swift; sourceTree = "<group>"; };
		833D66711F55A2F500AC4E58 /* Assets.xcassets */ = {isa = PBXFileReference; lastKnownFileType = folder.assetcatalog; path = Assets.xcassets; sourceTree = "<group>"; };
		833D66741F55A2F500AC4E58 /* Base */ = {isa = PBXFileReference; lastKnownFileType = file.storyboard; name = Base; path = Base.lproj/LaunchScreen.storyboard; sourceTree = "<group>"; };
		833D66761F55A2F500AC4E58 /* Info.plist */ = {isa = PBXFileReference; lastKnownFileType = text.plist.xml; path = Info.plist; sourceTree = "<group>"; };
		835C838B1F55A37E002008C8 /* VirtualViews+Rendering.swift */ = {isa = PBXFileReference; lastKnownFileType = sourcecode.swift; path = "VirtualViews+Rendering.swift"; sourceTree = "<group>"; };
		835C838C1F55A37F002008C8 /* VirtualViews.swift */ = {isa = PBXFileReference; fileEncoding = 4; lastKnownFileType = sourcecode.swift; path = VirtualViews.swift; sourceTree = "<group>"; };
		835C838D1F55A37F002008C8 /* Driver.swift */ = {isa = PBXFileReference; fileEncoding = 4; lastKnownFileType = sourcecode.swift; path = Driver.swift; sourceTree = "<group>"; };
		835C838E1F55A37F002008C8 /* SideEffects.swift */ = {isa = PBXFileReference; lastKnownFileType = sourcecode.swift; path = SideEffects.swift; sourceTree = "<group>"; };
		835C83951F55AB3F002008C8 /* Utilities.swift */ = {isa = PBXFileReference; lastKnownFileType = sourcecode.swift; path = Utilities.swift; sourceTree = "<group>"; };
/* End PBXFileReference section */

/* Begin PBXFrameworksBuildPhase section */
		833D66641F55A2F500AC4E58 /* Frameworks */ = {
			isa = PBXFrameworksBuildPhase;
			buildActionMask = 2147483647;
			files = (
			);
			runOnlyForDeploymentPostprocessing = 0;
		};
/* End PBXFrameworksBuildPhase section */

/* Begin PBXGroup section */
		833D665E1F55A2F400AC4E58 = {
			isa = PBXGroup;
			children = (
				833D66691F55A2F500AC4E58 /* CurrencyConverter */,
				833D66681F55A2F500AC4E58 /* Products */,
			);
			sourceTree = "<group>";
		};
		833D66681F55A2F500AC4E58 /* Products */ = {
			isa = PBXGroup;
			children = (
				833D66671F55A2F500AC4E58 /* CurrencyConverter.app */,
			);
			name = Products;
			sourceTree = "<group>";
		};
		833D66691F55A2F500AC4E58 /* CurrencyConverter */ = {
			isa = PBXGroup;
			children = (
				833D666A1F55A2F500AC4E58 /* AppDelegate.swift */,
				835C838C1F55A37F002008C8 /* VirtualViews.swift */,
				835C838B1F55A37E002008C8 /* VirtualViews+Rendering.swift */,
				835C838D1F55A37F002008C8 /* Driver.swift */,
				835C838E1F55A37F002008C8 /* SideEffects.swift */,
				835C83951F55AB3F002008C8 /* Utilities.swift */,
				833D66711F55A2F500AC4E58 /* Assets.xcassets */,
				833D66731F55A2F500AC4E58 /* LaunchScreen.storyboard */,
				833D66761F55A2F500AC4E58 /* Info.plist */,
			);
			path = CurrencyConverter;
			sourceTree = "<group>";
		};
/* End PBXGroup section */

/* Begin PBXNativeTarget section */
		833D66661F55A2F500AC4E58 /* CurrencyConverter */ = {
			isa = PBXNativeTarget;
			buildConfigurationList = 833D66791F55A2F500AC4E58 /* Build configuration list for PBXNativeTarget "CurrencyConverter" */;
			buildPhases = (
				833D66631F55A2F500AC4E58 /* Sources */,
				833D66641F55A2F500AC4E58 /* Frameworks */,
				833D66651F55A2F500AC4E58 /* Resources */,
			);
			buildRules = (
			);
			dependencies = (
			);
			name = CurrencyConverter;
			productName = CurrencyConverter;
			productReference = 833D66671F55A2F500AC4E58 /* CurrencyConverter.app */;
			productType = "com.apple.product-type.application";
		};
/* End PBXNativeTarget section */

/* Begin PBXProject section */
		833D665F1F55A2F400AC4E58 /* Project object */ = {
			isa = PBXProject;
			attributes = {
				LastSwiftUpdateCheck = 0900;
				LastUpgradeCheck = 0900;
				ORGANIZATIONNAME = "Chris Eidhof";
				TargetAttributes = {
					833D66661F55A2F500AC4E58 = {
						CreatedOnToolsVersion = 9.0;
					};
				};
			};
			buildConfigurationList = 833D66621F55A2F400AC4E58 /* Build configuration list for PBXProject "CurrencyConverter" */;
			compatibilityVersion = "Xcode 8.0";
			developmentRegion = en;
			hasScannedForEncodings = 0;
			knownRegions = (
				en,
				Base,
			);
			mainGroup = 833D665E1F55A2F400AC4E58;
			productRefGroup = 833D66681F55A2F500AC4E58 /* Products */;
			projectDirPath = "";
			projectRoot = "";
			targets = (
				833D66661F55A2F500AC4E58 /* CurrencyConverter */,
			);
		};
/* End PBXProject section */

/* Begin PBXResourcesBuildPhase section */
		833D66651F55A2F500AC4E58 /* Resources */ = {
			isa = PBXResourcesBuildPhase;
			buildActionMask = 2147483647;
			files = (
				833D66751F55A2F500AC4E58 /* LaunchScreen.storyboard in Resources */,
				833D66721F55A2F500AC4E58 /* Assets.xcassets in Resources */,
			);
			runOnlyForDeploymentPostprocessing = 0;
		};
/* End PBXResourcesBuildPhase section */

/* Begin PBXSourcesBuildPhase section */
		833D66631F55A2F500AC4E58 /* Sources */ = {
			isa = PBXSourcesBuildPhase;
			buildActionMask = 2147483647;
			files = (
				835C83911F55A37F002008C8 /* Driver.swift in Sources */,
				835C83961F55AB3F002008C8 /* Utilities.swift in Sources */,
				835C838F1F55A37F002008C8 /* VirtualViews+Rendering.swift in Sources */,
				835C83921F55A37F002008C8 /* SideEffects.swift in Sources */,
				835C83901F55A37F002008C8 /* VirtualViews.swift in Sources */,
				833D666B1F55A2F500AC4E58 /* AppDelegate.swift in Sources */,
			);
			runOnlyForDeploymentPostprocessing = 0;
		};
/* End PBXSourcesBuildPhase section */

/* Begin PBXVariantGroup section */
		833D66731F55A2F500AC4E58 /* LaunchScreen.storyboard */ = {
			isa = PBXVariantGroup;
			children = (
				833D66741F55A2F500AC4E58 /* Base */,
			);
			name = LaunchScreen.storyboard;
			sourceTree = "<group>";
		};
/* End PBXVariantGroup section */

/* Begin XCBuildConfiguration section */
		833D66771F55A2F500AC4E58 /* Debug */ = {
			isa = XCBuildConfiguration;
			buildSettings = {
				ALWAYS_SEARCH_USER_PATHS = NO;
				CLANG_ANALYZER_NONNULL = YES;
				CLANG_ANALYZER_NUMBER_OBJECT_CONVERSION = YES_AGGRESSIVE;
				CLANG_CXX_LANGUAGE_STANDARD = "gnu++14";
				CLANG_CXX_LIBRARY = "libc++";
				CLANG_ENABLE_MODULES = YES;
				CLANG_ENABLE_OBJC_ARC = YES;
				CLANG_WARN_BLOCK_CAPTURE_AUTORELEASING = YES;
				CLANG_WARN_BOOL_CONVERSION = YES;
				CLANG_WARN_COMMA = YES;
				CLANG_WARN_CONSTANT_CONVERSION = YES;
				CLANG_WARN_DIRECT_OBJC_ISA_USAGE = YES_ERROR;
				CLANG_WARN_DOCUMENTATION_COMMENTS = YES;
				CLANG_WARN_EMPTY_BODY = YES;
				CLANG_WARN_ENUM_CONVERSION = YES;
				CLANG_WARN_INFINITE_RECURSION = YES;
				CLANG_WARN_INT_CONVERSION = YES;
				CLANG_WARN_NON_LITERAL_NULL_CONVERSION = YES;
				CLANG_WARN_OBJC_LITERAL_CONVERSION = YES;
				CLANG_WARN_OBJC_ROOT_CLASS = YES_ERROR;
				CLANG_WARN_RANGE_LOOP_ANALYSIS = YES;
				CLANG_WARN_STRICT_PROTOTYPES = YES;
				CLANG_WARN_SUSPICIOUS_MOVE = YES;
				CLANG_WARN_UNGUARDED_AVAILABILITY = YES_AGGRESSIVE;
				CLANG_WARN_UNREACHABLE_CODE = YES;
				CLANG_WARN__DUPLICATE_METHOD_MATCH = YES;
				CODE_SIGN_IDENTITY = "iPhone Developer";
				COPY_PHASE_STRIP = NO;
				DEBUG_INFORMATION_FORMAT = dwarf;
				ENABLE_STRICT_OBJC_MSGSEND = YES;
				ENABLE_TESTABILITY = YES;
				GCC_C_LANGUAGE_STANDARD = gnu11;
				GCC_DYNAMIC_NO_PIC = NO;
				GCC_NO_COMMON_BLOCKS = YES;
				GCC_OPTIMIZATION_LEVEL = 0;
				GCC_PREPROCESSOR_DEFINITIONS = (
					"DEBUG=1",
					"$(inherited)",
				);
				GCC_WARN_64_TO_32_BIT_CONVERSION = YES;
				GCC_WARN_ABOUT_RETURN_TYPE = YES_ERROR;
				GCC_WARN_UNDECLARED_SELECTOR = YES;
				GCC_WARN_UNINITIALIZED_AUTOS = YES_AGGRESSIVE;
				GCC_WARN_UNUSED_FUNCTION = YES;
				GCC_WARN_UNUSED_VARIABLE = YES;
				IPHONEOS_DEPLOYMENT_TARGET = 11.0;
				MTL_ENABLE_DEBUG_INFO = YES;
				ONLY_ACTIVE_ARCH = YES;
				SDKROOT = iphoneos;
				SWIFT_ACTIVE_COMPILATION_CONDITIONS = DEBUG;
				SWIFT_OPTIMIZATION_LEVEL = "-Onone";
			};
			name = Debug;
		};
		833D66781F55A2F500AC4E58 /* Release */ = {
			isa = XCBuildConfiguration;
			buildSettings = {
				ALWAYS_SEARCH_USER_PATHS = NO;
				CLANG_ANALYZER_NONNULL = YES;
				CLANG_ANALYZER_NUMBER_OBJECT_CONVERSION = YES_AGGRESSIVE;
				CLANG_CXX_LANGUAGE_STANDARD = "gnu++14";
				CLANG_CXX_LIBRARY = "libc++";
				CLANG_ENABLE_MODULES = YES;
				CLANG_ENABLE_OBJC_ARC = YES;
				CLANG_WARN_BLOCK_CAPTURE_AUTORELEASING = YES;
				CLANG_WARN_BOOL_CONVERSION = YES;
				CLANG_WARN_COMMA = YES;
				CLANG_WARN_CONSTANT_CONVERSION = YES;
				CLANG_WARN_DIRECT_OBJC_ISA_USAGE = YES_ERROR;
				CLANG_WARN_DOCUMENTATION_COMMENTS = YES;
				CLANG_WARN_EMPTY_BODY = YES;
				CLANG_WARN_ENUM_CONVERSION = YES;
				CLANG_WARN_INFINITE_RECURSION = YES;
				CLANG_WARN_INT_CONVERSION = YES;
				CLANG_WARN_NON_LITERAL_NULL_CONVERSION = YES;
				CLANG_WARN_OBJC_LITERAL_CONVERSION = YES;
				CLANG_WARN_OBJC_ROOT_CLASS = YES_ERROR;
				CLANG_WARN_RANGE_LOOP_ANALYSIS = YES;
				CLANG_WARN_STRICT_PROTOTYPES = YES;
				CLANG_WARN_SUSPICIOUS_MOVE = YES;
				CLANG_WARN_UNGUARDED_AVAILABILITY = YES_AGGRESSIVE;
				CLANG_WARN_UNREACHABLE_CODE = YES;
				CLANG_WARN__DUPLICATE_METHOD_MATCH = YES;
				CODE_SIGN_IDENTITY = "iPhone Developer";
				COPY_PHASE_STRIP = NO;
				DEBUG_INFORMATION_FORMAT = "dwarf-with-dsym";
				ENABLE_NS_ASSERTIONS = NO;
				ENABLE_STRICT_OBJC_MSGSEND = YES;
				GCC_C_LANGUAGE_STANDARD = gnu11;
				GCC_NO_COMMON_BLOCKS = YES;
				GCC_WARN_64_TO_32_BIT_CONVERSION = YES;
				GCC_WARN_ABOUT_RETURN_TYPE = YES_ERROR;
				GCC_WARN_UNDECLARED_SELECTOR = YES;
				GCC_WARN_UNINITIALIZED_AUTOS = YES_AGGRESSIVE;
				GCC_WARN_UNUSED_FUNCTION = YES;
				GCC_WARN_UNUSED_VARIABLE = YES;
				IPHONEOS_DEPLOYMENT_TARGET = 11.0;
				MTL_ENABLE_DEBUG_INFO = NO;
				SDKROOT = iphoneos;
				SWIFT_OPTIMIZATION_LEVEL = "-Owholemodule";
				VALIDATE_PRODUCT = YES;
			};
			name = Release;
		};
		833D667A1F55A2F500AC4E58 /* Debug */ = {
			isa = XCBuildConfiguration;
			buildSettings = {
				ASSETCATALOG_COMPILER_APPICON_NAME = AppIcon;
				INFOPLIST_FILE = CurrencyConverter/Info.plist;
				LD_RUNPATH_SEARCH_PATHS = "$(inherited) @executable_path/Frameworks";
				PRODUCT_BUNDLE_IDENTIFIER = io.objcio.CurrencyConverter;
				PRODUCT_NAME = "$(TARGET_NAME)";
				SWIFT_VERSION = 4.0;
				TARGETED_DEVICE_FAMILY = "1,2";
			};
			name = Debug;
		};
		833D667B1F55A2F500AC4E58 /* Release */ = {
			isa = XCBuildConfiguration;
			buildSettings = {
				ASSETCATALOG_COMPILER_APPICON_NAME = AppIcon;
				INFOPLIST_FILE = CurrencyConverter/Info.plist;
				LD_RUNPATH_SEARCH_PATHS = "$(inherited) @executable_path/Frameworks";
				PRODUCT_BUNDLE_IDENTIFIER = io.objcio.CurrencyConverter;
				PRODUCT_NAME = "$(TARGET_NAME)";
				SWIFT_VERSION = 4.0;
				TARGETED_DEVICE_FAMILY = "1,2";
			};
			name = Release;
		};
/* End XCBuildConfiguration section */

/* Begin XCConfigurationList section */
		833D66621F55A2F400AC4E58 /* Build configuration list for PBXProject "CurrencyConverter" */ = {
			isa = XCConfigurationList;
			buildConfigurations = (
				833D66771F55A2F500AC4E58 /* Debug */,
				833D66781F55A2F500AC4E58 /* Release */,
			);
			defaultConfigurationIsVisible = 0;
			defaultConfigurationName = Release;
		};
		833D66791F55A2F500AC4E58 /* Build configuration list for PBXNativeTarget "CurrencyConverter" */ = {
			isa = XCConfigurationList;
			buildConfigurations = (
				833D667A1F55A2F500AC4E58 /* Debug */,
				833D667B1F55A2F500AC4E58 /* Release */,
			);
			defaultConfigurationIsVisible = 0;
			defaultConfigurationName = Release;
		};
/* End XCConfigurationList section */
	};
	rootObject = 833D665F1F55A2F400AC4E58 /* Project object */;
}
